PODS:
  - Cartography (1.0.1)
  - Charts (3.0.1):
    - Charts/Core (= 3.0.1)
  - Charts/Core (3.0.1)
  - Kingfisher (3.5.2)
  - Validator (2.1.1)

DEPENDENCIES:
  - Cartography (~> 1.0.1)
  - Charts (~> 3.0.1)
  - Kingfisher (~> 3.5.2)
  - Validator (~> 2.1.1)

SPEC CHECKSUMS:
  Cartography: c1460e99395b824d9d75360b0382faeb0b33dcd7
  Charts: 0e84f4418e87dad6a9edde221fba37ebb51d3ba7
  Kingfisher: 9950e382c500b6834ce004c7c4131c444e90c3a1
  Validator: b1793fbfd0046097551d0edd18e2c30792d69ef5

PODFILE CHECKSUM: b51056760471141ec37715a1d800c811aeeeddf6

COCOAPODS: 1.2.0
